# THIS IS AN AUTOGENERATED FILE. DO NOT EDIT THIS FILE DIRECTLY.
# yarn lockfile v1


esm@^3.0.84:
  version "3.0.84"
  resolved "https://registry.yarnpkg.com/esm/-/esm-3.0.84.tgz#bb108989f4673b32d4f62406869c28eed3815a63"
  integrity sha512-SzSGoZc17S7P+12R9cg21Bdb7eybX25RnIeRZ80xZs+VZ3kdQKzqTp2k4hZJjR7p9l0186TTXSgrxzlMDBktlw==
